
Microsoft Visual Studio Solution File, Format Version 12.00
# Visual Studio Version 17
VisualStudioVersion = 17.6.33927.249
MinimumVisualStudioVersion = 10.0.40219.1
Project("{9A19103F-16F7-4668-BE54-9A1E7A4F7556}") = "Our.Community.Polls", "Our.Community.Polls\Our.Community.Polls.csproj", "{D248FE9C-9FC8-4EDC-8761-A8AF76D099E5}"
EndProject
Project("{FAE04EC0-301F-11D3-BF4B-00C04F79EFBC}") = "wwwTest", "wwwTest\wwwTest.csproj", "{529F309A-70C5-4EE2-B118-2761E42E719E}"
EndProject
Global
	GlobalSection(SolutionConfigurationPlatforms) = preSolution
		Debug|Any CPU = Debug|Any CPU
		Release|Any CPU = Release|Any CPU
	EndGlobalSection
	GlobalSection(ProjectConfigurationPlatforms) = postSolution
		{D248FE9C-9FC8-4EDC-8761-A8AF76D099E5}.Debug|Any CPU.ActiveCfg = Debug|Any CPU
		{D248FE9C-9FC8-4EDC-8761-A8AF76D099E5}.Debug|Any CPU.Build.0 = Debug|Any CPU
		{D248FE9C-9FC8-4EDC-8761-A8AF76D099E5}.Release|Any CPU.ActiveCfg = Release|Any CPU
		{D248FE9C-9FC8-4EDC-8761-A8AF76D099E5}.Release|Any CPU.Build.0 = Release|Any CPU
		{529F309A-70C5-4EE2-B118-2761E42E719E}.Debug|Any CPU.ActiveCfg = Debug|Any CPU
		{529F309A-70C5-4EE2-B118-2761E42E719E}.Debug|Any CPU.Build.0 = Debug|Any CPU
		{529F309A-70C5-4EE2-B118-2761E42E719E}.Release|Any CPU.ActiveCfg = Release|Any CPU
		{529F309A-70C5-4EE2-B118-2761E42E719E}.Release|Any CPU.Build.0 = Release|Any CPU
	EndGlobalSection
	GlobalSection(SolutionProperties) = preSolution
		HideSolutionNode = FALSE
	EndGlobalSection
	GlobalSection(ExtensibilityGlobals) = postSolution
		SolutionGuid = {3E1FA5E7-D98E-4974-A880-A592C172AE14}
	EndGlobalSection
EndGlobal
